
Microsoft Visual Studio Solution File, Format Version 12.00
# Visual Studio 2015
Project("{FAE04EC0-301F-11D3-BF4B-00C04F79EFBC}") = "Cuberi Game.CSharp.Plugins", "Cuberi Game.CSharp.Plugins.csproj", "{A168C8F9-08F9-E3CD-D881-DC6123F5672A}"
EndProject
Project("{FAE04EC0-301F-11D3-BF4B-00C04F79EFBC}") = "Cuberi Game.CSharp", "Cuberi Game.CSharp.csproj", "{AEAA377C-9E81-480F-4926-0210456BF4B9}"
EndProject
Project("{FAE04EC0-301F-11D3-BF4B-00C04F79EFBC}") = "Cuberi Game.CSharp.Editor", "Cuberi Game.CSharp.Editor.csproj", "{16FAE607-58E5-A43D-13FC-59EBAA14C006}"
EndProject
Global
	GlobalSection(SolutionConfigurationPlatforms) = preSolution
		Debug|Any CPU = Debug|Any CPU
		Release|Any CPU = Release|Any CPU
	EndGlobalSection
	GlobalSection(ProjectConfigurationPlatforms) = postSolution
		{A168C8F9-08F9-E3CD-D881-DC6123F5672A}.Debug|Any CPU.ActiveCfg = Debug|Any CPU
		{A168C8F9-08F9-E3CD-D881-DC6123F5672A}.Debug|Any CPU.Build.0 = Debug|Any CPU
		{A168C8F9-08F9-E3CD-D881-DC6123F5672A}.Release|Any CPU.ActiveCfg = Release|Any CPU
		{A168C8F9-08F9-E3CD-D881-DC6123F5672A}.Release|Any CPU.Build.0 = Release|Any CPU
		{AEAA377C-9E81-480F-4926-0210456BF4B9}.Debug|Any CPU.ActiveCfg = Debug|Any CPU
		{AEAA377C-9E81-480F-4926-0210456BF4B9}.Debug|Any CPU.Build.0 = Debug|Any CPU
		{AEAA377C-9E81-480F-4926-0210456BF4B9}.Release|Any CPU.ActiveCfg = Release|Any CPU
		{AEAA377C-9E81-480F-4926-0210456BF4B9}.Release|Any CPU.Build.0 = Release|Any CPU
		{16FAE607-58E5-A43D-13FC-59EBAA14C006}.Debug|Any CPU.ActiveCfg = Debug|Any CPU
		{16FAE607-58E5-A43D-13FC-59EBAA14C006}.Debug|Any CPU.Build.0 = Debug|Any CPU
		{16FAE607-58E5-A43D-13FC-59EBAA14C006}.Release|Any CPU.ActiveCfg = Release|Any CPU
		{16FAE607-58E5-A43D-13FC-59EBAA14C006}.Release|Any CPU.Build.0 = Release|Any CPU
	EndGlobalSection
	GlobalSection(SolutionProperties) = preSolution
		HideSolutionNode = FALSE
	EndGlobalSection
EndGlobal
