Microsoft Visual Studio Solution File, Format Version 11.00
# Visual Studio 2008

Project("{BC1806EF-58D0-3249-BBA6-0A90466EA3EF}") = "Cuberi Game", "Assembly-CSharp-firstpass.csproj", "{7BEA77F8-9674-0EBC-B14C-F94C357B686D}"
EndProject
Project("{BC1806EF-58D0-3249-BBA6-0A90466EA3EF}") = "Cuberi Game", "Assembly-CSharp.csproj", "{1CA71AD8-D395-7A10-F47D-80D03896C25F}"
EndProject
Project("{BC1806EF-58D0-3249-BBA6-0A90466EA3EF}") = "Cuberi Game", "Assembly-CSharp-Editor.csproj", "{C2F2909A-043A-3DBF-85D9-930C36CF7CEC}"
EndProject
Global
	GlobalSection(SolutionConfigurationPlatforms) = preSolution
		Debug|Any CPU = Debug|Any CPU
		Release|Any CPU = Release|Any CPU
	EndGlobalSection
	GlobalSection(ProjectConfigurationPlatforms) = postSolution
		{7BEA77F8-9674-0EBC-B14C-F94C357B686D}.Debug|Any CPU.ActiveCfg = Debug|Any CPU
		{7BEA77F8-9674-0EBC-B14C-F94C357B686D}.Debug|Any CPU.Build.0 = Debug|Any CPU
		{7BEA77F8-9674-0EBC-B14C-F94C357B686D}.Release|Any CPU.ActiveCfg = Release|Any CPU
		{7BEA77F8-9674-0EBC-B14C-F94C357B686D}.Release|Any CPU.Build.0 = Release|Any CPU
		{1CA71AD8-D395-7A10-F47D-80D03896C25F}.Debug|Any CPU.ActiveCfg = Debug|Any CPU
		{1CA71AD8-D395-7A10-F47D-80D03896C25F}.Debug|Any CPU.Build.0 = Debug|Any CPU
		{1CA71AD8-D395-7A10-F47D-80D03896C25F}.Release|Any CPU.ActiveCfg = Release|Any CPU
		{1CA71AD8-D395-7A10-F47D-80D03896C25F}.Release|Any CPU.Build.0 = Release|Any CPU
		{C2F2909A-043A-3DBF-85D9-930C36CF7CEC}.Debug|Any CPU.ActiveCfg = Debug|Any CPU
		{C2F2909A-043A-3DBF-85D9-930C36CF7CEC}.Debug|Any CPU.Build.0 = Debug|Any CPU
		{C2F2909A-043A-3DBF-85D9-930C36CF7CEC}.Release|Any CPU.ActiveCfg = Release|Any CPU
		{C2F2909A-043A-3DBF-85D9-930C36CF7CEC}.Release|Any CPU.Build.0 = Release|Any CPU
	EndGlobalSection
	GlobalSection(SolutionProperties) = preSolution
		HideSolutionNode = FALSE
	EndGlobalSection
	GlobalSection(MonoDevelopProperties) = preSolution
		StartupItem = Assembly-CSharp.csproj
	EndGlobalSection
EndGlobal
